// !$*UTF8*$!
{
	archiveVersion = 1;
	classes = {
	};
	objectVersion = 51;
	objects = {

/* Begin PBXBuildFile section */
		4CBB6C8A4249091DABA1993D /* Pods_COVID_19VaccinationCenter.framework in Frameworks */ = {isa = PBXBuildFile; fileRef = 3E3FCA35385E286990E6B090 /* Pods_COVID_19VaccinationCenter.framework */; };
		E222E5D5265621FC008E3135 /* SideMenuVC.swift in Sources */ = {isa = PBXBuildFile; fileRef = E222E5D4265621FC008E3135 /* SideMenuVC.swift */; };
		E222E5D726562253008E3135 /* CustomSideMenu.swift in Sources */ = {isa = PBXBuildFile; fileRef = E222E5D626562253008E3135 /* CustomSideMenu.swift */; };
		E293603E26246ABD007B1267 /* AppDelegate.swift in Sources */ = {isa = PBXBuildFile; fileRef = E293603D26246ABD007B1267 /* AppDelegate.swift */; };
		E293604026246ABD007B1267 /* SceneDelegate.swift in Sources */ = {isa = PBXBuildFile; fileRef = E293603F26246ABD007B1267 /* SceneDelegate.swift */; };
		E293604226246ABD007B1267 /* ViewController.swift in Sources */ = {isa = PBXBuildFile; fileRef = E293604126246ABD007B1267 /* ViewController.swift */; };
		E293604526246ABD007B1267 /* Main.storyboard in Resources */ = {isa = PBXBuildFile; fileRef = E293604326246ABD007B1267 /* Main.storyboard */; };
		E293604826246ABD007B1267 /* COVID_19VaccinationCenter.xcdatamodeld in Sources */ = {isa = PBXBuildFile; fileRef = E293604626246ABD007B1267 /* COVID_19VaccinationCenter.xcdatamodeld */; };
		E293604A26246ABF007B1267 /* Assets.xcassets in Resources */ = {isa = PBXBuildFile; fileRef = E293604926246ABF007B1267 /* Assets.xcassets */; };
		E293604D26246ABF007B1267 /* LaunchScreen.storyboard in Resources */ = {isa = PBXBuildFile; fileRef = E293604B26246ABF007B1267 /* LaunchScreen.storyboard */; };
		E293605926246CEC007B1267 /* infoViewController.swift in Sources */ = {isa = PBXBuildFile; fileRef = E293605826246CEC007B1267 /* infoViewController.swift */; };
		E293605C26246FCD007B1267 /* popupViewController.swift in Sources */ = {isa = PBXBuildFile; fileRef = E293605B26246FCD007B1267 /* popupViewController.swift */; };
		E29360732625708D007B1267 /* numberPeopleInfoVC.swift in Sources */ = {isa = PBXBuildFile; fileRef = E29360722625708D007B1267 /* numberPeopleInfoVC.swift */; };
		E293607626257117007B1267 /* precautionInfoVC.swift in Sources */ = {isa = PBXBuildFile; fileRef = E293607526257117007B1267 /* precautionInfoVC.swift */; };
		E293607B26257C31007B1267 /* 타이포 쌍문동B.ttf in Resources */ = {isa = PBXBuildFile; fileRef = E293607A26257C31007B1267 /* 타이포 쌍문동B.ttf */; };
		E293608A2625AA47007B1267 /* 예방접종2분기.jpeg in Resources */ = {isa = PBXBuildFile; fileRef = E29360892625AA47007B1267 /* 예방접종2분기.jpeg */; };
		E2DB891C2637CE2F00C98CED /* vaccineImage.jpeg in Resources */ = {isa = PBXBuildFile; fileRef = E2DB891B2637CE2E00C98CED /* vaccineImage.jpeg */; };
		E2DB891F2637CE5C00C98CED /* vaccineImage2.jpeg in Resources */ = {isa = PBXBuildFile; fileRef = E2DB891E2637CE5C00C98CED /* vaccineImage2.jpeg */; };
/* End PBXBuildFile section */

/* Begin PBXFileReference section */
		3E3FCA35385E286990E6B090 /* Pods_COVID_19VaccinationCenter.framework */ = {isa = PBXFileReference; explicitFileType = wrapper.framework; includeInIndex = 0; path = Pods_COVID_19VaccinationCenter.framework; sourceTree = BUILT_PRODUCTS_DIR; };
		981B31B45247453A8457EBBF /* Pods-COVID-19VaccinationCenter.release.xcconfig */ = {isa = PBXFileReference; includeInIndex = 1; lastKnownFileType = text.xcconfig; name = "Pods-COVID-19VaccinationCenter.release.xcconfig"; path = "Target Support Files/Pods-COVID-19VaccinationCenter/Pods-COVID-19VaccinationCenter.release.xcconfig"; sourceTree = "<group>"; };
		E222E5D4265621FC008E3135 /* SideMenuVC.swift */ = {isa = PBXFileReference; lastKnownFileType = sourcecode.swift; path = SideMenuVC.swift; sourceTree = "<group>"; };
		E222E5D626562253008E3135 /* CustomSideMenu.swift */ = {isa = PBXFileReference; lastKnownFileType = sourcecode.swift; path = CustomSideMenu.swift; sourceTree = "<group>"; };
		E293603A26246ABD007B1267 /* COVID-19VaccinationCenter.app */ = {isa = PBXFileReference; explicitFileType = wrapper.application; includeInIndex = 0; path = "COVID-19VaccinationCenter.app"; sourceTree = BUILT_PRODUCTS_DIR; };
		E293603D26246ABD007B1267 /* AppDelegate.swift */ = {isa = PBXFileReference; lastKnownFileType = sourcecode.swift; path = AppDelegate.swift; sourceTree = "<group>"; };
		E293603F26246ABD007B1267 /* SceneDelegate.swift */ = {isa = PBXFileReference; lastKnownFileType = sourcecode.swift; path = SceneDelegate.swift; sourceTree = "<group>"; };
		E293604126246ABD007B1267 /* ViewController.swift */ = {isa = PBXFileReference; lastKnownFileType = sourcecode.swift; path = ViewController.swift; sourceTree = "<group>"; };
		E293604426246ABD007B1267 /* Base */ = {isa = PBXFileReference; lastKnownFileType = file.storyboard; name = Base; path = Base.lproj/Main.storyboard; sourceTree = "<group>"; };
		E293604726246ABD007B1267 /* COVID_19VaccinationCenter.xcdatamodel */ = {isa = PBXFileReference; lastKnownFileType = wrapper.xcdatamodel; path = COVID_19VaccinationCenter.xcdatamodel; sourceTree = "<group>"; };
		E293604926246ABF007B1267 /* Assets.xcassets */ = {isa = PBXFileReference; lastKnownFileType = folder.assetcatalog; path = Assets.xcassets; sourceTree = "<group>"; };
		E293604C26246ABF007B1267 /* Base */ = {isa = PBXFileReference; lastKnownFileType = file.storyboard; name = Base; path = Base.lproj/LaunchScreen.storyboard; sourceTree = "<group>"; };
		E293604E26246ABF007B1267 /* Info.plist */ = {isa = PBXFileReference; lastKnownFileType = text.plist.xml; path = Info.plist; sourceTree = "<group>"; };
		E293605826246CEC007B1267 /* infoViewController.swift */ = {isa = PBXFileReference; lastKnownFileType = sourcecode.swift; path = infoViewController.swift; sourceTree = "<group>"; };
		E293605B26246FCD007B1267 /* popupViewController.swift */ = {isa = PBXFileReference; lastKnownFileType = sourcecode.swift; path = popupViewController.swift; sourceTree = "<group>"; };
		E29360722625708D007B1267 /* numberPeopleInfoVC.swift */ = {isa = PBXFileReference; lastKnownFileType = sourcecode.swift; path = numberPeopleInfoVC.swift; sourceTree = "<group>"; };
		E293607526257117007B1267 /* precautionInfoVC.swift */ = {isa = PBXFileReference; lastKnownFileType = sourcecode.swift; path = precautionInfoVC.swift; sourceTree = "<group>"; };
		E293607A26257C31007B1267 /* 타이포 쌍문동B.ttf */ = {isa = PBXFileReference; lastKnownFileType = file; name = "타이포 쌍문동B.ttf"; path = "../../../../../Library/Fonts/타이포 쌍문동B.ttf"; sourceTree = "<group>"; };
		E29360892625AA47007B1267 /* 예방접종2분기.jpeg */ = {isa = PBXFileReference; lastKnownFileType = image.jpeg; path = "예방접종2분기.jpeg"; sourceTree = "<group>"; };
		E2DB891B2637CE2E00C98CED /* vaccineImage.jpeg */ = {isa = PBXFileReference; lastKnownFileType = image.jpeg; name = vaccineImage.jpeg; path = "../../../../Pictures/Photos Library.photoslibrary/resources/derivatives/B/vaccineImage.jpeg"; sourceTree = "<group>"; };
		E2DB891E2637CE5C00C98CED /* vaccineImage2.jpeg */ = {isa = PBXFileReference; lastKnownFileType = image.jpeg; name = vaccineImage2.jpeg; path = "../../../../Pictures/Photos Library.photoslibrary/resources/renders/1/vaccineImage2.jpeg"; sourceTree = "<group>"; };
		FFA40B332BB2C0B3B5CE8974 /* Pods-COVID-19VaccinationCenter.debug.xcconfig */ = {isa = PBXFileReference; includeInIndex = 1; lastKnownFileType = text.xcconfig; name = "Pods-COVID-19VaccinationCenter.debug.xcconfig"; path = "Target Support Files/Pods-COVID-19VaccinationCenter/Pods-COVID-19VaccinationCenter.debug.xcconfig"; sourceTree = "<group>"; };
/* End PBXFileReference section */

/* Begin PBXFrameworksBuildPhase section */
		E293603726246ABD007B1267 /* Frameworks */ = {
			isa = PBXFrameworksBuildPhase;
			buildActionMask = 2147483647;
			files = (
				4CBB6C8A4249091DABA1993D /* Pods_COVID_19VaccinationCenter.framework in Frameworks */,
			);
			runOnlyForDeploymentPostprocessing = 0;
		};
/* End PBXFrameworksBuildPhase section */

/* Begin PBXGroup section */
		5173012590D8011162C01118 /* Pods */ = {
			isa = PBXGroup;
			children = (
				FFA40B332BB2C0B3B5CE8974 /* Pods-COVID-19VaccinationCenter.debug.xcconfig */,
				981B31B45247453A8457EBBF /* Pods-COVID-19VaccinationCenter.release.xcconfig */,
			);
			path = Pods;
			sourceTree = "<group>";
		};
		680ED8696CD97908A040650C /* Frameworks */ = {
			isa = PBXGroup;
			children = (
				3E3FCA35385E286990E6B090 /* Pods_COVID_19VaccinationCenter.framework */,
			);
			name = Frameworks;
			sourceTree = "<group>";
		};
		E293603126246ABC007B1267 = {
			isa = PBXGroup;
			children = (
				E293603C26246ABD007B1267 /* COVID-19VaccinationCenter */,
				E293603B26246ABD007B1267 /* Products */,
				5173012590D8011162C01118 /* Pods */,
				680ED8696CD97908A040650C /* Frameworks */,
			);
			sourceTree = "<group>";
		};
		E293603B26246ABD007B1267 /* Products */ = {
			isa = PBXGroup;
			children = (
				E293603A26246ABD007B1267 /* COVID-19VaccinationCenter.app */,
			);
			name = Products;
			sourceTree = "<group>";
		};
		E293603C26246ABD007B1267 /* COVID-19VaccinationCenter */ = {
			isa = PBXGroup;
			children = (
				E293607826257B32007B1267 /* fonts */,
				E293603D26246ABD007B1267 /* AppDelegate.swift */,
				E293603F26246ABD007B1267 /* SceneDelegate.swift */,
				E2DB891B2637CE2E00C98CED /* vaccineImage.jpeg */,
				E2DB891E2637CE5C00C98CED /* vaccineImage2.jpeg */,
				E29360892625AA47007B1267 /* 예방접종2분기.jpeg */,
				E293604126246ABD007B1267 /* ViewController.swift */,
				E293604326246ABD007B1267 /* Main.storyboard */,
				E293604926246ABF007B1267 /* Assets.xcassets */,
				E293604B26246ABF007B1267 /* LaunchScreen.storyboard */,
				E293604E26246ABF007B1267 /* Info.plist */,
				E293604626246ABD007B1267 /* COVID_19VaccinationCenter.xcdatamodeld */,
				E293605826246CEC007B1267 /* infoViewController.swift */,
				E293605B26246FCD007B1267 /* popupViewController.swift */,
				E29360722625708D007B1267 /* numberPeopleInfoVC.swift */,
				E293607526257117007B1267 /* precautionInfoVC.swift */,
				E222E5D4265621FC008E3135 /* SideMenuVC.swift */,
				E222E5D626562253008E3135 /* CustomSideMenu.swift */,
			);
			path = "COVID-19VaccinationCenter";
			sourceTree = "<group>";
		};
		E293607826257B32007B1267 /* fonts */ = {
			isa = PBXGroup;
			children = (
				E293607A26257C31007B1267 /* 타이포 쌍문동B.ttf */,
			);
			path = fonts;
			sourceTree = "<group>";
		};
/* End PBXGroup section */

/* Begin PBXNativeTarget section */
		E293603926246ABD007B1267 /* COVID-19VaccinationCenter */ = {
			isa = PBXNativeTarget;
			buildConfigurationList = E293605126246ABF007B1267 /* Build configuration list for PBXNativeTarget "COVID-19VaccinationCenter" */;
			buildPhases = (
				C624CE727080A96245386A92 /* [CP] Check Pods Manifest.lock */,
				E293603626246ABD007B1267 /* Sources */,
				E293603726246ABD007B1267 /* Frameworks */,
				E293603826246ABD007B1267 /* Resources */,
				D9BC0D81D76C6609F8C4A5E8 /* [CP] Embed Pods Frameworks */,
			);
			buildRules = (
			);
			dependencies = (
			);
			name = "COVID-19VaccinationCenter";
			productName = "COVID-19VaccinationCenter";
			productReference = E293603A26246ABD007B1267 /* COVID-19VaccinationCenter.app */;
			productType = "com.apple.product-type.application";
		};
/* End PBXNativeTarget section */

/* Begin PBXProject section */
		E293603226246ABC007B1267 /* Project object */ = {
			isa = PBXProject;
			attributes = {
				LastSwiftUpdateCheck = 1240;
				LastUpgradeCheck = 1240;
				TargetAttributes = {
					E293603926246ABD007B1267 = {
						CreatedOnToolsVersion = 12.4;
					};
				};
			};
			buildConfigurationList = E293603526246ABC007B1267 /* Build configuration list for PBXProject "COVID-19VaccinationCenter" */;
			compatibilityVersion = "Xcode 9.3";
			developmentRegion = en;
			hasScannedForEncodings = 0;
			knownRegions = (
				en,
				Base,
			);
			mainGroup = E293603126246ABC007B1267;
			productRefGroup = E293603B26246ABD007B1267 /* Products */;
			projectDirPath = "";
			projectRoot = "";
			targets = (
				E293603926246ABD007B1267 /* COVID-19VaccinationCenter */,
			);
		};
/* End PBXProject section */

/* Begin PBXResourcesBuildPhase section */
		E293603826246ABD007B1267 /* Resources */ = {
			isa = PBXResourcesBuildPhase;
			buildActionMask = 2147483647;
			files = (
				E2DB891C2637CE2F00C98CED /* vaccineImage.jpeg in Resources */,
				E293608A2625AA47007B1267 /* 예방접종2분기.jpeg in Resources */,
				E293604D26246ABF007B1267 /* LaunchScreen.storyboard in Resources */,
				E293604A26246ABF007B1267 /* Assets.xcassets in Resources */,
				E2DB891F2637CE5C00C98CED /* vaccineImage2.jpeg in Resources */,
				E293607B26257C31007B1267 /* 타이포 쌍문동B.ttf in Resources */,
				E293604526246ABD007B1267 /* Main.storyboard in Resources */,
			);
			runOnlyForDeploymentPostprocessing = 0;
		};
/* End PBXResourcesBuildPhase section */

/* Begin PBXShellScriptBuildPhase section */
		C624CE727080A96245386A92 /* [CP] Check Pods Manifest.lock */ = {
			isa = PBXShellScriptBuildPhase;
			buildActionMask = 2147483647;
			files = (
			);
			inputFileListPaths = (
			);
			inputPaths = (
				"${PODS_PODFILE_DIR_PATH}/Podfile.lock",
				"${PODS_ROOT}/Manifest.lock",
			);
			name = "[CP] Check Pods Manifest.lock";
			outputFileListPaths = (
			);
			outputPaths = (
				"$(DERIVED_FILE_DIR)/Pods-COVID-19VaccinationCenter-checkManifestLockResult.txt",
			);
			runOnlyForDeploymentPostprocessing = 0;
			shellPath = /bin/sh;
			shellScript = "diff \"${PODS_PODFILE_DIR_PATH}/Podfile.lock\" \"${PODS_ROOT}/Manifest.lock\" > /dev/null\nif [ $? != 0 ] ; then\n    # print error to STDERR\n    echo \"error: The sandbox is not in sync with the Podfile.lock. Run 'pod install' or update your CocoaPods installation.\" >&2\n    exit 1\nfi\n# This output is used by Xcode 'outputs' to avoid re-running this script phase.\necho \"SUCCESS\" > \"${SCRIPT_OUTPUT_FILE_0}\"\n";
			showEnvVarsInLog = 0;
		};
		D9BC0D81D76C6609F8C4A5E8 /* [CP] Embed Pods Frameworks */ = {
			isa = PBXShellScriptBuildPhase;
			buildActionMask = 2147483647;
			files = (
			);
			inputFileListPaths = (
				"${PODS_ROOT}/Target Support Files/Pods-COVID-19VaccinationCenter/Pods-COVID-19VaccinationCenter-frameworks-${CONFIGURATION}-input-files.xcfilelist",
			);
			name = "[CP] Embed Pods Frameworks";
			outputFileListPaths = (
				"${PODS_ROOT}/Target Support Files/Pods-COVID-19VaccinationCenter/Pods-COVID-19VaccinationCenter-frameworks-${CONFIGURATION}-output-files.xcfilelist",
			);
			runOnlyForDeploymentPostprocessing = 0;
			shellPath = /bin/sh;
			shellScript = "\"${PODS_ROOT}/Target Support Files/Pods-COVID-19VaccinationCenter/Pods-COVID-19VaccinationCenter-frameworks.sh\"\n";
			showEnvVarsInLog = 0;
		};
/* End PBXShellScriptBuildPhase section */

/* Begin PBXSourcesBuildPhase section */
		E293603626246ABD007B1267 /* Sources */ = {
			isa = PBXSourcesBuildPhase;
			buildActionMask = 2147483647;
			files = (
				E293607626257117007B1267 /* precautionInfoVC.swift in Sources */,
				E293604826246ABD007B1267 /* COVID_19VaccinationCenter.xcdatamodeld in Sources */,
				E29360732625708D007B1267 /* numberPeopleInfoVC.swift in Sources */,
				E293605C26246FCD007B1267 /* popupViewController.swift in Sources */,
				E222E5D726562253008E3135 /* CustomSideMenu.swift in Sources */,
				E293604226246ABD007B1267 /* ViewController.swift in Sources */,
				E293605926246CEC007B1267 /* infoViewController.swift in Sources */,
				E222E5D5265621FC008E3135 /* SideMenuVC.swift in Sources */,
				E293603E26246ABD007B1267 /* AppDelegate.swift in Sources */,
				E293604026246ABD007B1267 /* SceneDelegate.swift in Sources */,
			);
			runOnlyForDeploymentPostprocessing = 0;
		};
/* End PBXSourcesBuildPhase section */

/* Begin PBXVariantGroup section */
		E293604326246ABD007B1267 /* Main.storyboard */ = {
			isa = PBXVariantGroup;
			children = (
				E293604426246ABD007B1267 /* Base */,
			);
			name = Main.storyboard;
			sourceTree = "<group>";
		};
		E293604B26246ABF007B1267 /* LaunchScreen.storyboard */ = {
			isa = PBXVariantGroup;
			children = (
				E293604C26246ABF007B1267 /* Base */,
			);
			name = LaunchScreen.storyboard;
			sourceTree = "<group>";
		};
/* End PBXVariantGroup section */

/* Begin XCBuildConfiguration section */
		E293604F26246ABF007B1267 /* Debug */ = {
			isa = XCBuildConfiguration;
			buildSettings = {
				ALWAYS_SEARCH_USER_PATHS = NO;
				CLANG_ANALYZER_NONNULL = YES;
				CLANG_ANALYZER_NUMBER_OBJECT_CONVERSION = YES_AGGRESSIVE;
				CLANG_CXX_LANGUAGE_STANDARD = "gnu++14";
				CLANG_CXX_LIBRARY = "libc++";
				CLANG_ENABLE_MODULES = YES;
				CLANG_ENABLE_OBJC_ARC = YES;
				CLANG_ENABLE_OBJC_WEAK = YES;
				CLANG_WARN_BLOCK_CAPTURE_AUTORELEASING = YES;
				CLANG_WARN_BOOL_CONVERSION = YES;
				CLANG_WARN_COMMA = YES;
				CLANG_WARN_CONSTANT_CONVERSION = YES;
				CLANG_WARN_DEPRECATED_OBJC_IMPLEMENTATIONS = YES;
				CLANG_WARN_DIRECT_OBJC_ISA_USAGE = YES_ERROR;
				CLANG_WARN_DOCUMENTATION_COMMENTS = YES;
				CLANG_WARN_EMPTY_BODY = YES;
				CLANG_WARN_ENUM_CONVERSION = YES;
				CLANG_WARN_INFINITE_RECURSION = YES;
				CLANG_WARN_INT_CONVERSION = YES;
				CLANG_WARN_NON_LITERAL_NULL_CONVERSION = YES;
				CLANG_WARN_OBJC_IMPLICIT_RETAIN_SELF = YES;
				CLANG_WARN_OBJC_LITERAL_CONVERSION = YES;
				CLANG_WARN_OBJC_ROOT_CLASS = YES_ERROR;
				CLANG_WARN_QUOTED_INCLUDE_IN_FRAMEWORK_HEADER = YES;
				CLANG_WARN_RANGE_LOOP_ANALYSIS = YES;
				CLANG_WARN_STRICT_PROTOTYPES = YES;
				CLANG_WARN_SUSPICIOUS_MOVE = YES;
				CLANG_WARN_UNGUARDED_AVAILABILITY = YES_AGGRESSIVE;
				CLANG_WARN_UNREACHABLE_CODE = YES;
				CLANG_WARN__DUPLICATE_METHOD_MATCH = YES;
				COPY_PHASE_STRIP = NO;
				DEBUG_INFORMATION_FORMAT = dwarf;
				ENABLE_STRICT_OBJC_MSGSEND = YES;
				ENABLE_TESTABILITY = YES;
				GCC_C_LANGUAGE_STANDARD = gnu11;
				GCC_DYNAMIC_NO_PIC = NO;
				GCC_NO_COMMON_BLOCKS = YES;
				GCC_OPTIMIZATION_LEVEL = 0;
				GCC_PREPROCESSOR_DEFINITIONS = (
					"DEBUG=1",
					"$(inherited)",
				);
				GCC_WARN_64_TO_32_BIT_CONVERSION = YES;
				GCC_WARN_ABOUT_RETURN_TYPE = YES_ERROR;
				GCC_WARN_UNDECLARED_SELECTOR = YES;
				GCC_WARN_UNINITIALIZED_AUTOS = YES_AGGRESSIVE;
				GCC_WARN_UNUSED_FUNCTION = YES;
				GCC_WARN_UNUSED_VARIABLE = YES;
				IPHONEOS_DEPLOYMENT_TARGET = 14.4;
				MTL_ENABLE_DEBUG_INFO = INCLUDE_SOURCE;
				MTL_FAST_MATH = YES;
				ONLY_ACTIVE_ARCH = YES;
				SDKROOT = iphoneos;
				SWIFT_ACTIVE_COMPILATION_CONDITIONS = DEBUG;
				SWIFT_OPTIMIZATION_LEVEL = "-Onone";
			};
			name = Debug;
		};
		E293605026246ABF007B1267 /* Release */ = {
			isa = XCBuildConfiguration;
			buildSettings = {
				ALWAYS_SEARCH_USER_PATHS = NO;
				CLANG_ANALYZER_NONNULL = YES;
				CLANG_ANALYZER_NUMBER_OBJECT_CONVERSION = YES_AGGRESSIVE;
				CLANG_CXX_LANGUAGE_STANDARD = "gnu++14";
				CLANG_CXX_LIBRARY = "libc++";
				CLANG_ENABLE_MODULES = YES;
				CLANG_ENABLE_OBJC_ARC = YES;
				CLANG_ENABLE_OBJC_WEAK = YES;
				CLANG_WARN_BLOCK_CAPTURE_AUTORELEASING = YES;
				CLANG_WARN_BOOL_CONVERSION = YES;
				CLANG_WARN_COMMA = YES;
				CLANG_WARN_CONSTANT_CONVERSION = YES;
				CLANG_WARN_DEPRECATED_OBJC_IMPLEMENTATIONS = YES;
				CLANG_WARN_DIRECT_OBJC_ISA_USAGE = YES_ERROR;
				CLANG_WARN_DOCUMENTATION_COMMENTS = YES;
				CLANG_WARN_EMPTY_BODY = YES;
				CLANG_WARN_ENUM_CONVERSION = YES;
				CLANG_WARN_INFINITE_RECURSION = YES;
				CLANG_WARN_INT_CONVERSION = YES;
				CLANG_WARN_NON_LITERAL_NULL_CONVERSION = YES;
				CLANG_WARN_OBJC_IMPLICIT_RETAIN_SELF = YES;
				CLANG_WARN_OBJC_LITERAL_CONVERSION = YES;
				CLANG_WARN_OBJC_ROOT_CLASS = YES_ERROR;
				CLANG_WARN_QUOTED_INCLUDE_IN_FRAMEWORK_HEADER = YES;
				CLANG_WARN_RANGE_LOOP_ANALYSIS = YES;
				CLANG_WARN_STRICT_PROTOTYPES = YES;
				CLANG_WARN_SUSPICIOUS_MOVE = YES;
				CLANG_WARN_UNGUARDED_AVAILABILITY = YES_AGGRESSIVE;
				CLANG_WARN_UNREACHABLE_CODE = YES;
				CLANG_WARN__DUPLICATE_METHOD_MATCH = YES;
				COPY_PHASE_STRIP = NO;
				DEBUG_INFORMATION_FORMAT = "dwarf-with-dsym";
				ENABLE_NS_ASSERTIONS = NO;
				ENABLE_STRICT_OBJC_MSGSEND = YES;
				GCC_C_LANGUAGE_STANDARD = gnu11;
				GCC_NO_COMMON_BLOCKS = YES;
				GCC_WARN_64_TO_32_BIT_CONVERSION = YES;
				GCC_WARN_ABOUT_RETURN_TYPE = YES_ERROR;
				GCC_WARN_UNDECLARED_SELECTOR = YES;
				GCC_WARN_UNINITIALIZED_AUTOS = YES_AGGRESSIVE;
				GCC_WARN_UNUSED_FUNCTION = YES;
				GCC_WARN_UNUSED_VARIABLE = YES;
				IPHONEOS_DEPLOYMENT_TARGET = 14.4;
				MTL_ENABLE_DEBUG_INFO = NO;
				MTL_FAST_MATH = YES;
				SDKROOT = iphoneos;
				SWIFT_COMPILATION_MODE = wholemodule;
				SWIFT_OPTIMIZATION_LEVEL = "-O";
				VALIDATE_PRODUCT = YES;
			};
			name = Release;
		};
		E293605226246ABF007B1267 /* Debug */ = {
			isa = XCBuildConfiguration;
			baseConfigurationReference = FFA40B332BB2C0B3B5CE8974 /* Pods-COVID-19VaccinationCenter.debug.xcconfig */;
			buildSettings = {
				ASSETCATALOG_COMPILER_APPICON_NAME = AppIcon;
				ASSETCATALOG_COMPILER_GLOBAL_ACCENT_COLOR_NAME = AccentColor;
				CODE_SIGN_STYLE = Automatic;
				DEVELOPMENT_TEAM = SXSNK823Y9;
				INFOPLIST_FILE = "COVID-19VaccinationCenter/Info.plist";
				LD_RUNPATH_SEARCH_PATHS = (
					"$(inherited)",
					"@executable_path/Frameworks",
				);
				PRODUCT_BUNDLE_IDENTIFIER = "com.COVID-19VaccinationCenter";
				PRODUCT_NAME = "$(TARGET_NAME)";
				SWIFT_VERSION = 5.0;
				TARGETED_DEVICE_FAMILY = "1,2";
			};
			name = Debug;
		};
		E293605326246ABF007B1267 /* Release */ = {
			isa = XCBuildConfiguration;
			baseConfigurationReference = 981B31B45247453A8457EBBF /* Pods-COVID-19VaccinationCenter.release.xcconfig */;
			buildSettings = {
				ASSETCATALOG_COMPILER_APPICON_NAME = AppIcon;
				ASSETCATALOG_COMPILER_GLOBAL_ACCENT_COLOR_NAME = AccentColor;
				CODE_SIGN_STYLE = Automatic;
				DEVELOPMENT_TEAM = SXSNK823Y9;
				INFOPLIST_FILE = "COVID-19VaccinationCenter/Info.plist";
				LD_RUNPATH_SEARCH_PATHS = (
					"$(inherited)",
					"@executable_path/Frameworks",
				);
				PRODUCT_BUNDLE_IDENTIFIER = "com.COVID-19VaccinationCenter";
				PRODUCT_NAME = "$(TARGET_NAME)";
				SWIFT_VERSION = 5.0;
				TARGETED_DEVICE_FAMILY = "1,2";
			};
			name = Release;
		};
/* End XCBuildConfiguration section */

/* Begin XCConfigurationList section */
		E293603526246ABC007B1267 /* Build configuration list for PBXProject "COVID-19VaccinationCenter" */ = {
			isa = XCConfigurationList;
			buildConfigurations = (
				E293604F26246ABF007B1267 /* Debug */,
				E293605026246ABF007B1267 /* Release */,
			);
			defaultConfigurationIsVisible = 0;
			defaultConfigurationName = Release;
		};
		E293605126246ABF007B1267 /* Build configuration list for PBXNativeTarget "COVID-19VaccinationCenter" */ = {
			isa = XCConfigurationList;
			buildConfigurations = (
				E293605226246ABF007B1267 /* Debug */,
				E293605326246ABF007B1267 /* Release */,
			);
			defaultConfigurationIsVisible = 0;
			defaultConfigurationName = Release;
		};
/* End XCConfigurationList section */

/* Begin XCVersionGroup section */
		E293604626246ABD007B1267 /* COVID_19VaccinationCenter.xcdatamodeld */ = {
			isa = XCVersionGroup;
			children = (
				E293604726246ABD007B1267 /* COVID_19VaccinationCenter.xcdatamodel */,
			);
			currentVersion = E293604726246ABD007B1267 /* COVID_19VaccinationCenter.xcdatamodel */;
			path = COVID_19VaccinationCenter.xcdatamodeld;
			sourceTree = "<group>";
			versionGroupType = wrapper.xcdatamodel;
		};
/* End XCVersionGroup section */
	};
	rootObject = E293603226246ABC007B1267 /* Project object */;
}
